
Microsoft Visual Studio Solution File, Format Version 12.00
# Visual Studio Version 17
VisualStudioVersion = 17.14.36408.4
MinimumVisualStudioVersion = 10.0.40219.1
Project("{FAE04EC0-301F-11D3-BF4B-00C04F79EFBC}") = "example", "examples\example.csproj", "{BACE4B62-B1A3-C3DC-6B64-403353019CF3}"
EndProject
Project("{FAE04EC0-301F-11D3-BF4B-00C04F79EFBC}") = "AIAgentSharp", "src\AIAgentSharp\AIAgentSharp.csproj", "{63B8E975-F2AA-4109-ABC1-7D6FB8CA8F45}"
EndProject
Project("{FAE04EC0-301F-11D3-BF4B-00C04F79EFBC}") = "AIAgentSharp.Tests", "tests\AIAgentSharp.Tests\AIAgentSharp.Tests.csproj", "{D15BF075-F012-7D0C-DCB9-BFADB32A71AE}"
EndProject
Project("{FAE04EC0-301F-11D3-BF4B-00C04F79EFBC}") = "AIAgentSharp.OpenAI", "src\AIAgentSharp.OpenAI\AIAgentSharp.OpenAI.csproj", "{A1B2C3D4-E5F6-7890-ABCD-EF1234567890}"
EndProject
Project("{FAE04EC0-301F-11D3-BF4B-00C04F79EFBC}") = "AIAgentSharp.OpenAI.Tests", "tests\AIAgentSharp.OpenAI.Tests\AIAgentSharp.OpenAI.Tests.csproj", "{5BE6FC29-20CA-442B-9DB6-71263F75C2FC}"
EndProject
Project("{FAE04EC0-301F-11D3-BF4B-00C04F79EFBC}") = "AIAgentSharp.Anthropic", "src\AIAgentSharp.Anthropic\AIAgentSharp.Anthropic.csproj", "{B38A1E87-CD4C-427A-BD12-DFC9A75D28F9}"
EndProject
Project("{FAE04EC0-301F-11D3-BF4B-00C04F79EFBC}") = "AIAgentSharp.Anthropic.Tests", "tests\AIAgentSharp.Anthropic.Tests\AIAgentSharp.Anthropic.Tests.csproj", "{9A583518-3CE2-4EC4-A94E-D9F43CD0E57D}"
EndProject
Project("{FAE04EC0-301F-11D3-BF4B-00C04F79EFBC}") = "AIAgentSharp.Gemini", "src\AIAgentSharp.Gemini\AIAgentSharp.Gemini.csproj", "{E712D317-5CD4-4082-B65D-3F788FB3AE4F}"
EndProject
Project("{FAE04EC0-301F-11D3-BF4B-00C04F79EFBC}") = "AIAgentSharp.Gemini.Tests", "tests\AIAgentSharp.Gemini.Tests\AIAgentSharp.Gemini.Tests.csproj", "{7D43CCE5-7E4A-4D46-A610-2913AF659A55}"
EndProject
Project("{FAE04EC0-301F-11D3-BF4B-00C04F79EFBC}") = "AIAgentSharp.Mistral", "src\AIAgentSharp.Mistral\AIAgentSharp.Mistral.csproj", "{A7DCFC18-8AE6-4D40-A7A4-DBF05618D0A8}"
EndProject
Project("{FAE04EC0-301F-11D3-BF4B-00C04F79EFBC}") = "AIAgentSharp.Mistral.Tests", "tests\AIAgentSharp.Mistral.Tests\AIAgentSharp.Mistral.Tests.csproj", "{AC5C3B41-2ECC-4C98-8557-79E966F761E8}"
EndProject
Project("{2150E333-8FDC-42A3-9474-1A3956D46DE8}") = "Tests", "Tests", "{02EA681E-C7D8-13C7-8484-4AC65E1B71E8}"
EndProject
Project("{2150E333-8FDC-42A3-9474-1A3956D46DE8}") = "LLMs", "LLMs", "{8B1B5E8D-2B24-4191-8186-1358CB40520A}"
EndProject
Global
	GlobalSection(SolutionConfigurationPlatforms) = preSolution
		Debug|Any CPU = Debug|Any CPU
		Release|Any CPU = Release|Any CPU
	EndGlobalSection
	GlobalSection(ProjectConfigurationPlatforms) = postSolution
		{BACE4B62-B1A3-C3DC-6B64-403353019CF3}.Debug|Any CPU.ActiveCfg = Debug|Any CPU
		{BACE4B62-B1A3-C3DC-6B64-403353019CF3}.Debug|Any CPU.Build.0 = Debug|Any CPU
		{BACE4B62-B1A3-C3DC-6B64-403353019CF3}.Release|Any CPU.ActiveCfg = Release|Any CPU
		{BACE4B62-B1A3-C3DC-6B64-403353019CF3}.Release|Any CPU.Build.0 = Release|Any CPU
		{63B8E975-F2AA-4109-ABC1-7D6FB8CA8F45}.Debug|Any CPU.ActiveCfg = Debug|Any CPU
		{63B8E975-F2AA-4109-ABC1-7D6FB8CA8F45}.Debug|Any CPU.Build.0 = Debug|Any CPU
		{63B8E975-F2AA-4109-ABC1-7D6FB8CA8F45}.Release|Any CPU.ActiveCfg = Release|Any CPU
		{63B8E975-F2AA-4109-ABC1-7D6FB8CA8F45}.Release|Any CPU.Build.0 = Release|Any CPU
		{D15BF075-F012-7D0C-DCB9-BFADB32A71AE}.Debug|Any CPU.ActiveCfg = Debug|Any CPU
		{D15BF075-F012-7D0C-DCB9-BFADB32A71AE}.Debug|Any CPU.Build.0 = Debug|Any CPU
		{D15BF075-F012-7D0C-DCB9-BFADB32A71AE}.Release|Any CPU.ActiveCfg = Release|Any CPU
		{D15BF075-F012-7D0C-DCB9-BFADB32A71AE}.Release|Any CPU.Build.0 = Release|Any CPU
		{A1B2C3D4-E5F6-7890-ABCD-EF1234567890}.Debug|Any CPU.ActiveCfg = Debug|Any CPU
		{A1B2C3D4-E5F6-7890-ABCD-EF1234567890}.Debug|Any CPU.Build.0 = Debug|Any CPU
		{A1B2C3D4-E5F6-7890-ABCD-EF1234567890}.Release|Any CPU.ActiveCfg = Release|Any CPU
		{A1B2C3D4-E5F6-7890-ABCD-EF1234567890}.Release|Any CPU.Build.0 = Release|Any CPU
		{5BE6FC29-20CA-442B-9DB6-71263F75C2FC}.Debug|Any CPU.ActiveCfg = Debug|Any CPU
		{5BE6FC29-20CA-442B-9DB6-71263F75C2FC}.Debug|Any CPU.Build.0 = Debug|Any CPU
		{5BE6FC29-20CA-442B-9DB6-71263F75C2FC}.Release|Any CPU.ActiveCfg = Release|Any CPU
		{5BE6FC29-20CA-442B-9DB6-71263F75C2FC}.Release|Any CPU.Build.0 = Release|Any CPU
		{B38A1E87-CD4C-427A-BD12-DFC9A75D28F9}.Debug|Any CPU.ActiveCfg = Debug|Any CPU
		{B38A1E87-CD4C-427A-BD12-DFC9A75D28F9}.Debug|Any CPU.Build.0 = Debug|Any CPU
		{B38A1E87-CD4C-427A-BD12-DFC9A75D28F9}.Release|Any CPU.ActiveCfg = Release|Any CPU
		{B38A1E87-CD4C-427A-BD12-DFC9A75D28F9}.Release|Any CPU.Build.0 = Release|Any CPU
		{9A583518-3CE2-4EC4-A94E-D9F43CD0E57D}.Debug|Any CPU.ActiveCfg = Debug|Any CPU
		{9A583518-3CE2-4EC4-A94E-D9F43CD0E57D}.Debug|Any CPU.Build.0 = Debug|Any CPU
		{9A583518-3CE2-4EC4-A94E-D9F43CD0E57D}.Release|Any CPU.ActiveCfg = Release|Any CPU
		{9A583518-3CE2-4EC4-A94E-D9F43CD0E57D}.Release|Any CPU.Build.0 = Release|Any CPU
		{E712D317-5CD4-4082-B65D-3F788FB3AE4F}.Debug|Any CPU.ActiveCfg = Debug|Any CPU
		{E712D317-5CD4-4082-B65D-3F788FB3AE4F}.Debug|Any CPU.Build.0 = Debug|Any CPU
		{E712D317-5CD4-4082-B65D-3F788FB3AE4F}.Release|Any CPU.ActiveCfg = Release|Any CPU
		{E712D317-5CD4-4082-B65D-3F788FB3AE4F}.Release|Any CPU.Build.0 = Release|Any CPU
		{7D43CCE5-7E4A-4D46-A610-2913AF659A55}.Debug|Any CPU.ActiveCfg = Debug|Any CPU
		{7D43CCE5-7E4A-4D46-A610-2913AF659A55}.Debug|Any CPU.Build.0 = Debug|Any CPU
		{7D43CCE5-7E4A-4D46-A610-2913AF659A55}.Release|Any CPU.ActiveCfg = Release|Any CPU
		{7D43CCE5-7E4A-4D46-A610-2913AF659A55}.Release|Any CPU.Build.0 = Release|Any CPU
		{A7DCFC18-8AE6-4D40-A7A4-DBF05618D0A8}.Debug|Any CPU.ActiveCfg = Debug|Any CPU
		{A7DCFC18-8AE6-4D40-A7A4-DBF05618D0A8}.Debug|Any CPU.Build.0 = Debug|Any CPU
		{A7DCFC18-8AE6-4D40-A7A4-DBF05618D0A8}.Release|Any CPU.ActiveCfg = Release|Any CPU
		{A7DCFC18-8AE6-4D40-A7A4-DBF05618D0A8}.Release|Any CPU.Build.0 = Release|Any CPU
		{AC5C3B41-2ECC-4C98-8557-79E966F761E8}.Debug|Any CPU.ActiveCfg = Debug|Any CPU
		{AC5C3B41-2ECC-4C98-8557-79E966F761E8}.Debug|Any CPU.Build.0 = Debug|Any CPU
		{AC5C3B41-2ECC-4C98-8557-79E966F761E8}.Release|Any CPU.ActiveCfg = Release|Any CPU
		{AC5C3B41-2ECC-4C98-8557-79E966F761E8}.Release|Any CPU.Build.0 = Release|Any CPU
	EndGlobalSection
	GlobalSection(SolutionProperties) = preSolution
		HideSolutionNode = FALSE
	EndGlobalSection
	GlobalSection(NestedProjects) = preSolution
		{D15BF075-F012-7D0C-DCB9-BFADB32A71AE} = {02EA681E-C7D8-13C7-8484-4AC65E1B71E8}
		{A1B2C3D4-E5F6-7890-ABCD-EF1234567890} = {8B1B5E8D-2B24-4191-8186-1358CB40520A}
		{5BE6FC29-20CA-442B-9DB6-71263F75C2FC} = {02EA681E-C7D8-13C7-8484-4AC65E1B71E8}
		{B38A1E87-CD4C-427A-BD12-DFC9A75D28F9} = {8B1B5E8D-2B24-4191-8186-1358CB40520A}
		{9A583518-3CE2-4EC4-A94E-D9F43CD0E57D} = {02EA681E-C7D8-13C7-8484-4AC65E1B71E8}
		{E712D317-5CD4-4082-B65D-3F788FB3AE4F} = {8B1B5E8D-2B24-4191-8186-1358CB40520A}
		{7D43CCE5-7E4A-4D46-A610-2913AF659A55} = {02EA681E-C7D8-13C7-8484-4AC65E1B71E8}
		{A7DCFC18-8AE6-4D40-A7A4-DBF05618D0A8} = {8B1B5E8D-2B24-4191-8186-1358CB40520A}
		{AC5C3B41-2ECC-4C98-8557-79E966F761E8} = {02EA681E-C7D8-13C7-8484-4AC65E1B71E8}
	EndGlobalSection
	GlobalSection(ExtensibilityGlobals) = postSolution
		SolutionGuid = {ED8D668A-EC57-471A-B554-DE8808F6F2FD}
	EndGlobalSection
EndGlobal
